// !$*UTF8*$!
{
	archiveVersion = 1;
	classes = {
	};
	objectVersion = 52;
	objects = {

/* Begin PBXBuildFile section */
		22E175CF26FAC8A6002A0005 /* CollectionPosterViewController.swift in Sources */ = {isa = PBXBuildFile; fileRef = 22E175CE26FAC8A6002A0005 /* CollectionPosterViewController.swift */; };
		22E50BFF26F7EAE200EC7EFA /* MovieDetailsViewController.swift in Sources */ = {isa = PBXBuildFile; fileRef = 22E50BFE26F7EAE200EC7EFA /* MovieDetailsViewController.swift */; };
		22E50C0126F8177D00EC7EFA /* MovieGridViewController.swift in Sources */ = {isa = PBXBuildFile; fileRef = 22E50C0026F8177D00EC7EFA /* MovieGridViewController.swift */; };
		22E50C0326F81F3100EC7EFA /* MovieGridCell.swift in Sources */ = {isa = PBXBuildFile; fileRef = 22E50C0226F81F3100EC7EFA /* MovieGridCell.swift */; };
		7F2F6CB842328EF09225AFF4 /* Pods_teeteringFlixVer1_teeteringFlixVer1UITests.framework in Frameworks */ = {isa = PBXBuildFile; fileRef = 34B33AA0020260A92FF6785A /* Pods_teeteringFlixVer1_teeteringFlixVer1UITests.framework */; };
		86C0921C533623A1DDF2F8E7 /* Pods_teeteringFlixVer1.framework in Frameworks */ = {isa = PBXBuildFile; fileRef = D2018D94A324A619C05C30FA /* Pods_teeteringFlixVer1.framework */; };
		89385F6CE65EB9C8374E99EF /* Pods_teeteringFlixVer1Tests.framework in Frameworks */ = {isa = PBXBuildFile; fileRef = 5B1671634B31D033365DE1A4 /* Pods_teeteringFlixVer1Tests.framework */; };
		A38DE87D26EEC96A00875C85 /* MovieFeedViewController.swift in Sources */ = {isa = PBXBuildFile; fileRef = A38DE87C26EEC96A00875C85 /* MovieFeedViewController.swift */; };
		A38DE87F26EED96800875C85 /* MovieCell.swift in Sources */ = {isa = PBXBuildFile; fileRef = A38DE87E26EED96800875C85 /* MovieCell.swift */; };
		A38DE88226EEE69500875C85 /* AlamofireImage in Frameworks */ = {isa = PBXBuildFile; productRef = A38DE88126EEE69500875C85 /* AlamofireImage */; };
		A3A5A13426EEA5CE0089AA1B /* AppDelegate.swift in Sources */ = {isa = PBXBuildFile; fileRef = A3A5A13326EEA5CE0089AA1B /* AppDelegate.swift */; };
		A3A5A13626EEA5CE0089AA1B /* SceneDelegate.swift in Sources */ = {isa = PBXBuildFile; fileRef = A3A5A13526EEA5CE0089AA1B /* SceneDelegate.swift */; };
		A3A5A13B26EEA5CE0089AA1B /* Main.storyboard in Resources */ = {isa = PBXBuildFile; fileRef = A3A5A13926EEA5CE0089AA1B /* Main.storyboard */; };
		A3A5A13D26EEA5CF0089AA1B /* Assets.xcassets in Resources */ = {isa = PBXBuildFile; fileRef = A3A5A13C26EEA5CF0089AA1B /* Assets.xcassets */; };
		A3A5A14026EEA5CF0089AA1B /* LaunchScreen.storyboard in Resources */ = {isa = PBXBuildFile; fileRef = A3A5A13E26EEA5CF0089AA1B /* LaunchScreen.storyboard */; };
		A3A5A14B26EEA5CF0089AA1B /* teeteringFlixVer1Tests.swift in Sources */ = {isa = PBXBuildFile; fileRef = A3A5A14A26EEA5CF0089AA1B /* teeteringFlixVer1Tests.swift */; };
		A3A5A15626EEA5CF0089AA1B /* teeteringFlixVer1UITests.swift in Sources */ = {isa = PBXBuildFile; fileRef = A3A5A15526EEA5CF0089AA1B /* teeteringFlixVer1UITests.swift */; };
/* End PBXBuildFile section */

/* Begin PBXContainerItemProxy section */
		A3A5A14726EEA5CF0089AA1B /* PBXContainerItemProxy */ = {
			isa = PBXContainerItemProxy;
			containerPortal = A3A5A12826EEA5CE0089AA1B /* Project object */;
			proxyType = 1;
			remoteGlobalIDString = A3A5A12F26EEA5CE0089AA1B;
			remoteInfo = teeteringFlixVer1;
		};
		A3A5A15226EEA5CF0089AA1B /* PBXContainerItemProxy */ = {
			isa = PBXContainerItemProxy;
			containerPortal = A3A5A12826EEA5CE0089AA1B /* Project object */;
			proxyType = 1;
			remoteGlobalIDString = A3A5A12F26EEA5CE0089AA1B;
			remoteInfo = teeteringFlixVer1;
		};
/* End PBXContainerItemProxy section */

/* Begin PBXFileReference section */
		22E175CE26FAC8A6002A0005 /* CollectionPosterViewController.swift */ = {isa = PBXFileReference; lastKnownFileType = sourcecode.swift; path = CollectionPosterViewController.swift; sourceTree = "<group>"; };
		22E50BFE26F7EAE200EC7EFA /* MovieDetailsViewController.swift */ = {isa = PBXFileReference; lastKnownFileType = sourcecode.swift; path = MovieDetailsViewController.swift; sourceTree = "<group>"; };
		22E50C0026F8177D00EC7EFA /* MovieGridViewController.swift */ = {isa = PBXFileReference; lastKnownFileType = sourcecode.swift; path = MovieGridViewController.swift; sourceTree = "<group>"; };
		22E50C0226F81F3100EC7EFA /* MovieGridCell.swift */ = {isa = PBXFileReference; lastKnownFileType = sourcecode.swift; path = MovieGridCell.swift; sourceTree = "<group>"; };
		34B33AA0020260A92FF6785A /* Pods_teeteringFlixVer1_teeteringFlixVer1UITests.framework */ = {isa = PBXFileReference; explicitFileType = wrapper.framework; includeInIndex = 0; path = Pods_teeteringFlixVer1_teeteringFlixVer1UITests.framework; sourceTree = BUILT_PRODUCTS_DIR; };
		4C2608443986F23EE5DFAFAB /* Pods-teeteringFlixVer1-teeteringFlixVer1UITests.release.xcconfig */ = {isa = PBXFileReference; includeInIndex = 1; lastKnownFileType = text.xcconfig; name = "Pods-teeteringFlixVer1-teeteringFlixVer1UITests.release.xcconfig"; path = "Target Support Files/Pods-teeteringFlixVer1-teeteringFlixVer1UITests/Pods-teeteringFlixVer1-teeteringFlixVer1UITests.release.xcconfig"; sourceTree = "<group>"; };
		5B1671634B31D033365DE1A4 /* Pods_teeteringFlixVer1Tests.framework */ = {isa = PBXFileReference; explicitFileType = wrapper.framework; includeInIndex = 0; path = Pods_teeteringFlixVer1Tests.framework; sourceTree = BUILT_PRODUCTS_DIR; };
		6DCA191DAB474325A15E9CEB /* Pods-teeteringFlixVer1Tests.debug.xcconfig */ = {isa = PBXFileReference; includeInIndex = 1; lastKnownFileType = text.xcconfig; name = "Pods-teeteringFlixVer1Tests.debug.xcconfig"; path = "Target Support Files/Pods-teeteringFlixVer1Tests/Pods-teeteringFlixVer1Tests.debug.xcconfig"; sourceTree = "<group>"; };
		763527BC39D87FE1BEFA699B /* Pods-teeteringFlixVer1.debug.xcconfig */ = {isa = PBXFileReference; includeInIndex = 1; lastKnownFileType = text.xcconfig; name = "Pods-teeteringFlixVer1.debug.xcconfig"; path = "Target Support Files/Pods-teeteringFlixVer1/Pods-teeteringFlixVer1.debug.xcconfig"; sourceTree = "<group>"; };
		966509B69454D21BAE3230D8 /* Pods-teeteringFlixVer1Tests.release.xcconfig */ = {isa = PBXFileReference; includeInIndex = 1; lastKnownFileType = text.xcconfig; name = "Pods-teeteringFlixVer1Tests.release.xcconfig"; path = "Target Support Files/Pods-teeteringFlixVer1Tests/Pods-teeteringFlixVer1Tests.release.xcconfig"; sourceTree = "<group>"; };
		A38DE87C26EEC96A00875C85 /* MovieFeedViewController.swift */ = {isa = PBXFileReference; lastKnownFileType = sourcecode.swift; path = MovieFeedViewController.swift; sourceTree = "<group>"; };
		A38DE87E26EED96800875C85 /* MovieCell.swift */ = {isa = PBXFileReference; lastKnownFileType = sourcecode.swift; path = MovieCell.swift; sourceTree = "<group>"; };
		A3A5A13026EEA5CE0089AA1B /* teeteringFlixVer1.app */ = {isa = PBXFileReference; explicitFileType = wrapper.application; includeInIndex = 0; path = teeteringFlixVer1.app; sourceTree = BUILT_PRODUCTS_DIR; };
		A3A5A13326EEA5CE0089AA1B /* AppDelegate.swift */ = {isa = PBXFileReference; lastKnownFileType = sourcecode.swift; path = AppDelegate.swift; sourceTree = "<group>"; };
		A3A5A13526EEA5CE0089AA1B /* SceneDelegate.swift */ = {isa = PBXFileReference; lastKnownFileType = sourcecode.swift; path = SceneDelegate.swift; sourceTree = "<group>"; };
		A3A5A13A26EEA5CE0089AA1B /* Base */ = {isa = PBXFileReference; lastKnownFileType = file.storyboard; name = Base; path = Base.lproj/Main.storyboard; sourceTree = "<group>"; };
		A3A5A13C26EEA5CF0089AA1B /* Assets.xcassets */ = {isa = PBXFileReference; lastKnownFileType = folder.assetcatalog; path = Assets.xcassets; sourceTree = "<group>"; };
		A3A5A13F26EEA5CF0089AA1B /* Base */ = {isa = PBXFileReference; lastKnownFileType = file.storyboard; name = Base; path = Base.lproj/LaunchScreen.storyboard; sourceTree = "<group>"; };
		A3A5A14126EEA5CF0089AA1B /* Info.plist */ = {isa = PBXFileReference; lastKnownFileType = text.plist.xml; path = Info.plist; sourceTree = "<group>"; };
		A3A5A14626EEA5CF0089AA1B /* teeteringFlixVer1Tests.xctest */ = {isa = PBXFileReference; explicitFileType = wrapper.cfbundle; includeInIndex = 0; path = teeteringFlixVer1Tests.xctest; sourceTree = BUILT_PRODUCTS_DIR; };
		A3A5A14A26EEA5CF0089AA1B /* teeteringFlixVer1Tests.swift */ = {isa = PBXFileReference; lastKnownFileType = sourcecode.swift; path = teeteringFlixVer1Tests.swift; sourceTree = "<group>"; };
		A3A5A14C26EEA5CF0089AA1B /* Info.plist */ = {isa = PBXFileReference; lastKnownFileType = text.plist.xml; path = Info.plist; sourceTree = "<group>"; };
		A3A5A15126EEA5CF0089AA1B /* teeteringFlixVer1UITests.xctest */ = {isa = PBXFileReference; explicitFileType = wrapper.cfbundle; includeInIndex = 0; path = teeteringFlixVer1UITests.xctest; sourceTree = BUILT_PRODUCTS_DIR; };
		A3A5A15526EEA5CF0089AA1B /* teeteringFlixVer1UITests.swift */ = {isa = PBXFileReference; lastKnownFileType = sourcecode.swift; path = teeteringFlixVer1UITests.swift; sourceTree = "<group>"; };
		A3A5A15726EEA5CF0089AA1B /* Info.plist */ = {isa = PBXFileReference; lastKnownFileType = text.plist.xml; path = Info.plist; sourceTree = "<group>"; };
		AF7285D2E2AF3C37D547F924 /* Pods-teeteringFlixVer1-teeteringFlixVer1UITests.debug.xcconfig */ = {isa = PBXFileReference; includeInIndex = 1; lastKnownFileType = text.xcconfig; name = "Pods-teeteringFlixVer1-teeteringFlixVer1UITests.debug.xcconfig"; path = "Target Support Files/Pods-teeteringFlixVer1-teeteringFlixVer1UITests/Pods-teeteringFlixVer1-teeteringFlixVer1UITests.debug.xcconfig"; sourceTree = "<group>"; };
		B61C833A8BD51E7859F8F5BB /* Pods-teeteringFlixVer1.release.xcconfig */ = {isa = PBXFileReference; includeInIndex = 1; lastKnownFileType = text.xcconfig; name = "Pods-teeteringFlixVer1.release.xcconfig"; path = "Target Support Files/Pods-teeteringFlixVer1/Pods-teeteringFlixVer1.release.xcconfig"; sourceTree = "<group>"; };
		D2018D94A324A619C05C30FA /* Pods_teeteringFlixVer1.framework */ = {isa = PBXFileReference; explicitFileType = wrapper.framework; includeInIndex = 0; path = Pods_teeteringFlixVer1.framework; sourceTree = BUILT_PRODUCTS_DIR; };
/* End PBXFileReference section */

/* Begin PBXFrameworksBuildPhase section */
		A3A5A12D26EEA5CE0089AA1B /* Frameworks */ = {
			isa = PBXFrameworksBuildPhase;
			buildActionMask = 2147483647;
			files = (
				A38DE88226EEE69500875C85 /* AlamofireImage in Frameworks */,
				86C0921C533623A1DDF2F8E7 /* Pods_teeteringFlixVer1.framework in Frameworks */,
			);
			runOnlyForDeploymentPostprocessing = 0;
		};
		A3A5A14326EEA5CF0089AA1B /* Frameworks */ = {
			isa = PBXFrameworksBuildPhase;
			buildActionMask = 2147483647;
			files = (
				89385F6CE65EB9C8374E99EF /* Pods_teeteringFlixVer1Tests.framework in Frameworks */,
			);
			runOnlyForDeploymentPostprocessing = 0;
		};
		A3A5A14E26EEA5CF0089AA1B /* Frameworks */ = {
			isa = PBXFrameworksBuildPhase;
			buildActionMask = 2147483647;
			files = (
				7F2F6CB842328EF09225AFF4 /* Pods_teeteringFlixVer1_teeteringFlixVer1UITests.framework in Frameworks */,
			);
			runOnlyForDeploymentPostprocessing = 0;
		};
/* End PBXFrameworksBuildPhase section */

/* Begin PBXGroup section */
		A3A5A12726EEA5CE0089AA1B = {
			isa = PBXGroup;
			children = (
				A3A5A13226EEA5CE0089AA1B /* teeteringFlixVer1 */,
				A3A5A14926EEA5CF0089AA1B /* teeteringFlixVer1Tests */,
				A3A5A15426EEA5CF0089AA1B /* teeteringFlixVer1UITests */,
				A3A5A13126EEA5CE0089AA1B /* Products */,
				B5A0EB5A6475074F8DD22086 /* Pods */,
				E824B80577723BB088587CDB /* Frameworks */,
			);
			sourceTree = "<group>";
		};
		A3A5A13126EEA5CE0089AA1B /* Products */ = {
			isa = PBXGroup;
			children = (
				A3A5A13026EEA5CE0089AA1B /* teeteringFlixVer1.app */,
				A3A5A14626EEA5CF0089AA1B /* teeteringFlixVer1Tests.xctest */,
				A3A5A15126EEA5CF0089AA1B /* teeteringFlixVer1UITests.xctest */,
			);
			name = Products;
			sourceTree = "<group>";
		};
		A3A5A13226EEA5CE0089AA1B /* teeteringFlixVer1 */ = {
			isa = PBXGroup;
			children = (
				A3A5A13326EEA5CE0089AA1B /* AppDelegate.swift */,
				A3A5A13526EEA5CE0089AA1B /* SceneDelegate.swift */,
				A38DE87C26EEC96A00875C85 /* MovieFeedViewController.swift */,
				A38DE87E26EED96800875C85 /* MovieCell.swift */,
				A3A5A13926EEA5CE0089AA1B /* Main.storyboard */,
				22E50C0026F8177D00EC7EFA /* MovieGridViewController.swift */,
				A3A5A13C26EEA5CF0089AA1B /* Assets.xcassets */,
				A3A5A13E26EEA5CF0089AA1B /* LaunchScreen.storyboard */,
				A3A5A14126EEA5CF0089AA1B /* Info.plist */,
				22E50BFE26F7EAE200EC7EFA /* MovieDetailsViewController.swift */,
				22E50C0226F81F3100EC7EFA /* MovieGridCell.swift */,
				22E175CE26FAC8A6002A0005 /* CollectionPosterViewController.swift */,
			);
			path = teeteringFlixVer1;
			sourceTree = "<group>";
		};
		A3A5A14926EEA5CF0089AA1B /* teeteringFlixVer1Tests */ = {
			isa = PBXGroup;
			children = (
				A3A5A14A26EEA5CF0089AA1B /* teeteringFlixVer1Tests.swift */,
				A3A5A14C26EEA5CF0089AA1B /* Info.plist */,
			);
			path = teeteringFlixVer1Tests;
			sourceTree = "<group>";
		};
		A3A5A15426EEA5CF0089AA1B /* teeteringFlixVer1UITests */ = {
			isa = PBXGroup;
			children = (
				A3A5A15526EEA5CF0089AA1B /* teeteringFlixVer1UITests.swift */,
				A3A5A15726EEA5CF0089AA1B /* Info.plist */,
			);
			path = teeteringFlixVer1UITests;
			sourceTree = "<group>";
		};
		B5A0EB5A6475074F8DD22086 /* Pods */ = {
			isa = PBXGroup;
			children = (
				763527BC39D87FE1BEFA699B /* Pods-teeteringFlixVer1.debug.xcconfig */,
				B61C833A8BD51E7859F8F5BB /* Pods-teeteringFlixVer1.release.xcconfig */,
				AF7285D2E2AF3C37D547F924 /* Pods-teeteringFlixVer1-teeteringFlixVer1UITests.debug.xcconfig */,
				4C2608443986F23EE5DFAFAB /* Pods-teeteringFlixVer1-teeteringFlixVer1UITests.release.xcconfig */,
				6DCA191DAB474325A15E9CEB /* Pods-teeteringFlixVer1Tests.debug.xcconfig */,
				966509B69454D21BAE3230D8 /* Pods-teeteringFlixVer1Tests.release.xcconfig */,
			);
			path = Pods;
			sourceTree = "<group>";
		};
		E824B80577723BB088587CDB /* Frameworks */ = {
			isa = PBXGroup;
			children = (
				D2018D94A324A619C05C30FA /* Pods_teeteringFlixVer1.framework */,
				34B33AA0020260A92FF6785A /* Pods_teeteringFlixVer1_teeteringFlixVer1UITests.framework */,
				5B1671634B31D033365DE1A4 /* Pods_teeteringFlixVer1Tests.framework */,
			);
			name = Frameworks;
			sourceTree = "<group>";
		};
/* End PBXGroup section */

/* Begin PBXNativeTarget section */
		A3A5A12F26EEA5CE0089AA1B /* teeteringFlixVer1 */ = {
			isa = PBXNativeTarget;
			buildConfigurationList = A3A5A15A26EEA5CF0089AA1B /* Build configuration list for PBXNativeTarget "teeteringFlixVer1" */;
			buildPhases = (
				A448FEFDCC70B56FF389F3C9 /* [CP] Check Pods Manifest.lock */,
				A3A5A12C26EEA5CE0089AA1B /* Sources */,
				A3A5A12D26EEA5CE0089AA1B /* Frameworks */,
				A3A5A12E26EEA5CE0089AA1B /* Resources */,
				4C4680044E596ECAEBCC379F /* [CP] Embed Pods Frameworks */,
			);
			buildRules = (
			);
			dependencies = (
			);
			name = teeteringFlixVer1;
			packageProductDependencies = (
				A38DE88126EEE69500875C85 /* AlamofireImage */,
			);
			productName = teeteringFlixVer1;
			productReference = A3A5A13026EEA5CE0089AA1B /* teeteringFlixVer1.app */;
			productType = "com.apple.product-type.application";
		};
		A3A5A14526EEA5CF0089AA1B /* teeteringFlixVer1Tests */ = {
			isa = PBXNativeTarget;
			buildConfigurationList = A3A5A15D26EEA5CF0089AA1B /* Build configuration list for PBXNativeTarget "teeteringFlixVer1Tests" */;
			buildPhases = (
				67CFCF44829157E7233C0CB6 /* [CP] Check Pods Manifest.lock */,
				A3A5A14226EEA5CF0089AA1B /* Sources */,
				A3A5A14326EEA5CF0089AA1B /* Frameworks */,
				A3A5A14426EEA5CF0089AA1B /* Resources */,
			);
			buildRules = (
			);
			dependencies = (
				A3A5A14826EEA5CF0089AA1B /* PBXTargetDependency */,
			);
			name = teeteringFlixVer1Tests;
			productName = teeteringFlixVer1Tests;
			productReference = A3A5A14626EEA5CF0089AA1B /* teeteringFlixVer1Tests.xctest */;
			productType = "com.apple.product-type.bundle.unit-test";
		};
		A3A5A15026EEA5CF0089AA1B /* teeteringFlixVer1UITests */ = {
			isa = PBXNativeTarget;
			buildConfigurationList = A3A5A16026EEA5CF0089AA1B /* Build configuration list for PBXNativeTarget "teeteringFlixVer1UITests" */;
			buildPhases = (
				D36280A71C45DB2BA285298B /* [CP] Check Pods Manifest.lock */,
				A3A5A14D26EEA5CF0089AA1B /* Sources */,
				A3A5A14E26EEA5CF0089AA1B /* Frameworks */,
				A3A5A14F26EEA5CF0089AA1B /* Resources */,
				8807199F0CFD692FEE2EC722 /* [CP] Embed Pods Frameworks */,
			);
			buildRules = (
			);
			dependencies = (
				A3A5A15326EEA5CF0089AA1B /* PBXTargetDependency */,
			);
			name = teeteringFlixVer1UITests;
			productName = teeteringFlixVer1UITests;
			productReference = A3A5A15126EEA5CF0089AA1B /* teeteringFlixVer1UITests.xctest */;
			productType = "com.apple.product-type.bundle.ui-testing";
		};
/* End PBXNativeTarget section */

/* Begin PBXProject section */
		A3A5A12826EEA5CE0089AA1B /* Project object */ = {
			isa = PBXProject;
			attributes = {
				LastSwiftUpdateCheck = 1250;
				LastUpgradeCheck = 1250;
				TargetAttributes = {
					A3A5A12F26EEA5CE0089AA1B = {
						CreatedOnToolsVersion = 12.5.1;
					};
					A3A5A14526EEA5CF0089AA1B = {
						CreatedOnToolsVersion = 12.5.1;
						TestTargetID = A3A5A12F26EEA5CE0089AA1B;
					};
					A3A5A15026EEA5CF0089AA1B = {
						CreatedOnToolsVersion = 12.5.1;
						TestTargetID = A3A5A12F26EEA5CE0089AA1B;
					};
				};
			};
			buildConfigurationList = A3A5A12B26EEA5CE0089AA1B /* Build configuration list for PBXProject "teeteringFlixVer1" */;
			compatibilityVersion = "Xcode 9.3";
			developmentRegion = en;
			hasScannedForEncodings = 0;
			knownRegions = (
				en,
				Base,
			);
			mainGroup = A3A5A12726EEA5CE0089AA1B;
			packageReferences = (
				A38DE88026EEE69500875C85 /* XCRemoteSwiftPackageReference "AlamofireImage" */,
			);
			productRefGroup = A3A5A13126EEA5CE0089AA1B /* Products */;
			projectDirPath = "";
			projectRoot = "";
			targets = (
				A3A5A12F26EEA5CE0089AA1B /* teeteringFlixVer1 */,
				A3A5A14526EEA5CF0089AA1B /* teeteringFlixVer1Tests */,
				A3A5A15026EEA5CF0089AA1B /* teeteringFlixVer1UITests */,
			);
		};
/* End PBXProject section */

/* Begin PBXResourcesBuildPhase section */
		A3A5A12E26EEA5CE0089AA1B /* Resources */ = {
			isa = PBXResourcesBuildPhase;
			buildActionMask = 2147483647;
			files = (
				A3A5A14026EEA5CF0089AA1B /* LaunchScreen.storyboard in Resources */,
				A3A5A13D26EEA5CF0089AA1B /* Assets.xcassets in Resources */,
				A3A5A13B26EEA5CE0089AA1B /* Main.storyboard in Resources */,
			);
			runOnlyForDeploymentPostprocessing = 0;
		};
		A3A5A14426EEA5CF0089AA1B /* Resources */ = {
			isa = PBXResourcesBuildPhase;
			buildActionMask = 2147483647;
			files = (
			);
			runOnlyForDeploymentPostprocessing = 0;
		};
		A3A5A14F26EEA5CF0089AA1B /* Resources */ = {
			isa = PBXResourcesBuildPhase;
			buildActionMask = 2147483647;
			files = (
			);
			runOnlyForDeploymentPostprocessing = 0;
		};
/* End PBXResourcesBuildPhase section */

/* Begin PBXShellScriptBuildPhase section */
		4C4680044E596ECAEBCC379F /* [CP] Embed Pods Frameworks */ = {
			isa = PBXShellScriptBuildPhase;
			buildActionMask = 2147483647;
			files = (
			);
			inputFileListPaths = (
				"${PODS_ROOT}/Target Support Files/Pods-teeteringFlixVer1/Pods-teeteringFlixVer1-frameworks-${CONFIGURATION}-input-files.xcfilelist",
			);
			name = "[CP] Embed Pods Frameworks";
			outputFileListPaths = (
				"${PODS_ROOT}/Target Support Files/Pods-teeteringFlixVer1/Pods-teeteringFlixVer1-frameworks-${CONFIGURATION}-output-files.xcfilelist",
			);
			runOnlyForDeploymentPostprocessing = 0;
			shellPath = /bin/sh;
			shellScript = "\"${PODS_ROOT}/Target Support Files/Pods-teeteringFlixVer1/Pods-teeteringFlixVer1-frameworks.sh\"\n";
			showEnvVarsInLog = 0;
		};
		67CFCF44829157E7233C0CB6 /* [CP] Check Pods Manifest.lock */ = {
			isa = PBXShellScriptBuildPhase;
			buildActionMask = 2147483647;
			files = (
			);
			inputFileListPaths = (
			);
			inputPaths = (
				"${PODS_PODFILE_DIR_PATH}/Podfile.lock",
				"${PODS_ROOT}/Manifest.lock",
			);
			name = "[CP] Check Pods Manifest.lock";
			outputFileListPaths = (
			);
			outputPaths = (
				"$(DERIVED_FILE_DIR)/Pods-teeteringFlixVer1Tests-checkManifestLockResult.txt",
			);
			runOnlyForDeploymentPostprocessing = 0;
			shellPath = /bin/sh;
			shellScript = "diff \"${PODS_PODFILE_DIR_PATH}/Podfile.lock\" \"${PODS_ROOT}/Manifest.lock\" > /dev/null\nif [ $? != 0 ] ; then\n    # print error to STDERR\n    echo \"error: The sandbox is not in sync with the Podfile.lock. Run 'pod install' or update your CocoaPods installation.\" >&2\n    exit 1\nfi\n# This output is used by Xcode 'outputs' to avoid re-running this script phase.\necho \"SUCCESS\" > \"${SCRIPT_OUTPUT_FILE_0}\"\n";
			showEnvVarsInLog = 0;
		};
		8807199F0CFD692FEE2EC722 /* [CP] Embed Pods Frameworks */ = {
			isa = PBXShellScriptBuildPhase;
			buildActionMask = 2147483647;
			files = (
			);
			inputFileListPaths = (
				"${PODS_ROOT}/Target Support Files/Pods-teeteringFlixVer1-teeteringFlixVer1UITests/Pods-teeteringFlixVer1-teeteringFlixVer1UITests-frameworks-${CONFIGURATION}-input-files.xcfilelist",
			);
			name = "[CP] Embed Pods Frameworks";
			outputFileListPaths = (
				"${PODS_ROOT}/Target Support Files/Pods-teeteringFlixVer1-teeteringFlixVer1UITests/Pods-teeteringFlixVer1-teeteringFlixVer1UITests-frameworks-${CONFIGURATION}-output-files.xcfilelist",
			);
			runOnlyForDeploymentPostprocessing = 0;
			shellPath = /bin/sh;
			shellScript = "\"${PODS_ROOT}/Target Support Files/Pods-teeteringFlixVer1-teeteringFlixVer1UITests/Pods-teeteringFlixVer1-teeteringFlixVer1UITests-frameworks.sh\"\n";
			showEnvVarsInLog = 0;
		};
		A448FEFDCC70B56FF389F3C9 /* [CP] Check Pods Manifest.lock */ = {
			isa = PBXShellScriptBuildPhase;
			buildActionMask = 2147483647;
			files = (
			);
			inputFileListPaths = (
			);
			inputPaths = (
				"${PODS_PODFILE_DIR_PATH}/Podfile.lock",
				"${PODS_ROOT}/Manifest.lock",
			);
			name = "[CP] Check Pods Manifest.lock";
			outputFileListPaths = (
			);
			outputPaths = (
				"$(DERIVED_FILE_DIR)/Pods-teeteringFlixVer1-checkManifestLockResult.txt",
			);
			runOnlyForDeploymentPostprocessing = 0;
			shellPath = /bin/sh;
			shellScript = "diff \"${PODS_PODFILE_DIR_PATH}/Podfile.lock\" \"${PODS_ROOT}/Manifest.lock\" > /dev/null\nif [ $? != 0 ] ; then\n    # print error to STDERR\n    echo \"error: The sandbox is not in sync with the Podfile.lock. Run 'pod install' or update your CocoaPods installation.\" >&2\n    exit 1\nfi\n# This output is used by Xcode 'outputs' to avoid re-running this script phase.\necho \"SUCCESS\" > \"${SCRIPT_OUTPUT_FILE_0}\"\n";
			showEnvVarsInLog = 0;
		};
		D36280A71C45DB2BA285298B /* [CP] Check Pods Manifest.lock */ = {
			isa = PBXShellScriptBuildPhase;
			buildActionMask = 2147483647;
			files = (
			);
			inputFileListPaths = (
			);
			inputPaths = (
				"${PODS_PODFILE_DIR_PATH}/Podfile.lock",
				"${PODS_ROOT}/Manifest.lock",
			);
			name = "[CP] Check Pods Manifest.lock";
			outputFileListPaths = (
			);
			outputPaths = (
				"$(DERIVED_FILE_DIR)/Pods-teeteringFlixVer1-teeteringFlixVer1UITests-checkManifestLockResult.txt",
			);
			runOnlyForDeploymentPostprocessing = 0;
			shellPath = /bin/sh;
			shellScript = "diff \"${PODS_PODFILE_DIR_PATH}/Podfile.lock\" \"${PODS_ROOT}/Manifest.lock\" > /dev/null\nif [ $? != 0 ] ; then\n    # print error to STDERR\n    echo \"error: The sandbox is not in sync with the Podfile.lock. Run 'pod install' or update your CocoaPods installation.\" >&2\n    exit 1\nfi\n# This output is used by Xcode 'outputs' to avoid re-running this script phase.\necho \"SUCCESS\" > \"${SCRIPT_OUTPUT_FILE_0}\"\n";
			showEnvVarsInLog = 0;
		};
/* End PBXShellScriptBuildPhase section */

/* Begin PBXSourcesBuildPhase section */
		A3A5A12C26EEA5CE0089AA1B /* Sources */ = {
			isa = PBXSourcesBuildPhase;
			buildActionMask = 2147483647;
			files = (
				22E50BFF26F7EAE200EC7EFA /* MovieDetailsViewController.swift in Sources */,
				A3A5A13426EEA5CE0089AA1B /* AppDelegate.swift in Sources */,
				A3A5A13626EEA5CE0089AA1B /* SceneDelegate.swift in Sources */,
				A38DE87F26EED96800875C85 /* MovieCell.swift in Sources */,
				A38DE87D26EEC96A00875C85 /* MovieFeedViewController.swift in Sources */,
				22E50C0126F8177D00EC7EFA /* MovieGridViewController.swift in Sources */,
				22E50C0326F81F3100EC7EFA /* MovieGridCell.swift in Sources */,
				22E175CF26FAC8A6002A0005 /* CollectionPosterViewController.swift in Sources */,
			);
			runOnlyForDeploymentPostprocessing = 0;
		};
		A3A5A14226EEA5CF0089AA1B /* Sources */ = {
			isa = PBXSourcesBuildPhase;
			buildActionMask = 2147483647;
			files = (
				A3A5A14B26EEA5CF0089AA1B /* teeteringFlixVer1Tests.swift in Sources */,
			);
			runOnlyForDeploymentPostprocessing = 0;
		};
		A3A5A14D26EEA5CF0089AA1B /* Sources */ = {
			isa = PBXSourcesBuildPhase;
			buildActionMask = 2147483647;
			files = (
				A3A5A15626EEA5CF0089AA1B /* teeteringFlixVer1UITests.swift in Sources */,
			);
			runOnlyForDeploymentPostprocessing = 0;
		};
/* End PBXSourcesBuildPhase section */

/* Begin PBXTargetDependency section */
		A3A5A14826EEA5CF0089AA1B /* PBXTargetDependency */ = {
			isa = PBXTargetDependency;
			target = A3A5A12F26EEA5CE0089AA1B /* teeteringFlixVer1 */;
			targetProxy = A3A5A14726EEA5CF0089AA1B /* PBXContainerItemProxy */;
		};
		A3A5A15326EEA5CF0089AA1B /* PBXTargetDependency */ = {
			isa = PBXTargetDependency;
			target = A3A5A12F26EEA5CE0089AA1B /* teeteringFlixVer1 */;
			targetProxy = A3A5A15226EEA5CF0089AA1B /* PBXContainerItemProxy */;
		};
/* End PBXTargetDependency section */

/* Begin PBXVariantGroup section */
		A3A5A13926EEA5CE0089AA1B /* Main.storyboard */ = {
			isa = PBXVariantGroup;
			children = (
				A3A5A13A26EEA5CE0089AA1B /* Base */,
			);
			name = Main.storyboard;
			sourceTree = "<group>";
		};
		A3A5A13E26EEA5CF0089AA1B /* LaunchScreen.storyboard */ = {
			isa = PBXVariantGroup;
			children = (
				A3A5A13F26EEA5CF0089AA1B /* Base */,
			);
			name = LaunchScreen.storyboard;
			sourceTree = "<group>";
		};
/* End PBXVariantGroup section */

/* Begin XCBuildConfiguration section */
		A3A5A15826EEA5CF0089AA1B /* Debug */ = {
			isa = XCBuildConfiguration;
			buildSettings = {
				ALWAYS_SEARCH_USER_PATHS = NO;
				CLANG_ANALYZER_NONNULL = YES;
				CLANG_ANALYZER_NUMBER_OBJECT_CONVERSION = YES_AGGRESSIVE;
				CLANG_CXX_LANGUAGE_STANDARD = "gnu++14";
				CLANG_CXX_LIBRARY = "libc++";
				CLANG_ENABLE_MODULES = YES;
				CLANG_ENABLE_OBJC_ARC = YES;
				CLANG_ENABLE_OBJC_WEAK = YES;
				CLANG_WARN_BLOCK_CAPTURE_AUTORELEASING = YES;
				CLANG_WARN_BOOL_CONVERSION = YES;
				CLANG_WARN_COMMA = YES;
				CLANG_WARN_CONSTANT_CONVERSION = YES;
				CLANG_WARN_DEPRECATED_OBJC_IMPLEMENTATIONS = YES;
				CLANG_WARN_DIRECT_OBJC_ISA_USAGE = YES_ERROR;
				CLANG_WARN_DOCUMENTATION_COMMENTS = YES;
				CLANG_WARN_EMPTY_BODY = YES;
				CLANG_WARN_ENUM_CONVERSION = YES;
				CLANG_WARN_INFINITE_RECURSION = YES;
				CLANG_WARN_INT_CONVERSION = YES;
				CLANG_WARN_NON_LITERAL_NULL_CONVERSION = YES;
				CLANG_WARN_OBJC_IMPLICIT_RETAIN_SELF = YES;
				CLANG_WARN_OBJC_LITERAL_CONVERSION = YES;
				CLANG_WARN_OBJC_ROOT_CLASS = YES_ERROR;
				CLANG_WARN_QUOTED_INCLUDE_IN_FRAMEWORK_HEADER = YES;
				CLANG_WARN_RANGE_LOOP_ANALYSIS = YES;
				CLANG_WARN_STRICT_PROTOTYPES = YES;
				CLANG_WARN_SUSPICIOUS_MOVE = YES;
				CLANG_WARN_UNGUARDED_AVAILABILITY = YES_AGGRESSIVE;
				CLANG_WARN_UNREACHABLE_CODE = YES;
				CLANG_WARN__DUPLICATE_METHOD_MATCH = YES;
				COPY_PHASE_STRIP = NO;
				DEBUG_INFORMATION_FORMAT = dwarf;
				ENABLE_STRICT_OBJC_MSGSEND = YES;
				ENABLE_TESTABILITY = YES;
				GCC_C_LANGUAGE_STANDARD = gnu11;
				GCC_DYNAMIC_NO_PIC = NO;
				GCC_NO_COMMON_BLOCKS = YES;
				GCC_OPTIMIZATION_LEVEL = 0;
				GCC_PREPROCESSOR_DEFINITIONS = (
					"DEBUG=1",
					"$(inherited)",
				);
				GCC_WARN_64_TO_32_BIT_CONVERSION = YES;
				GCC_WARN_ABOUT_RETURN_TYPE = YES_ERROR;
				GCC_WARN_UNDECLARED_SELECTOR = YES;
				GCC_WARN_UNINITIALIZED_AUTOS = YES_AGGRESSIVE;
				GCC_WARN_UNUSED_FUNCTION = YES;
				GCC_WARN_UNUSED_VARIABLE = YES;
				IPHONEOS_DEPLOYMENT_TARGET = 14.5;
				MTL_ENABLE_DEBUG_INFO = INCLUDE_SOURCE;
				MTL_FAST_MATH = YES;
				ONLY_ACTIVE_ARCH = YES;
				SDKROOT = iphoneos;
				SWIFT_ACTIVE_COMPILATION_CONDITIONS = DEBUG;
				SWIFT_OPTIMIZATION_LEVEL = "-Onone";
			};
			name = Debug;
		};
		A3A5A15926EEA5CF0089AA1B /* Release */ = {
			isa = XCBuildConfiguration;
			buildSettings = {
				ALWAYS_SEARCH_USER_PATHS = NO;
				CLANG_ANALYZER_NONNULL = YES;
				CLANG_ANALYZER_NUMBER_OBJECT_CONVERSION = YES_AGGRESSIVE;
				CLANG_CXX_LANGUAGE_STANDARD = "gnu++14";
				CLANG_CXX_LIBRARY = "libc++";
				CLANG_ENABLE_MODULES = YES;
				CLANG_ENABLE_OBJC_ARC = YES;
				CLANG_ENABLE_OBJC_WEAK = YES;
				CLANG_WARN_BLOCK_CAPTURE_AUTORELEASING = YES;
				CLANG_WARN_BOOL_CONVERSION = YES;
				CLANG_WARN_COMMA = YES;
				CLANG_WARN_CONSTANT_CONVERSION = YES;
				CLANG_WARN_DEPRECATED_OBJC_IMPLEMENTATIONS = YES;
				CLANG_WARN_DIRECT_OBJC_ISA_USAGE = YES_ERROR;
				CLANG_WARN_DOCUMENTATION_COMMENTS = YES;
				CLANG_WARN_EMPTY_BODY = YES;
				CLANG_WARN_ENUM_CONVERSION = YES;
				CLANG_WARN_INFINITE_RECURSION = YES;
				CLANG_WARN_INT_CONVERSION = YES;
				CLANG_WARN_NON_LITERAL_NULL_CONVERSION = YES;
				CLANG_WARN_OBJC_IMPLICIT_RETAIN_SELF = YES;
				CLANG_WARN_OBJC_LITERAL_CONVERSION = YES;
				CLANG_WARN_OBJC_ROOT_CLASS = YES_ERROR;
				CLANG_WARN_QUOTED_INCLUDE_IN_FRAMEWORK_HEADER = YES;
				CLANG_WARN_RANGE_LOOP_ANALYSIS = YES;
				CLANG_WARN_STRICT_PROTOTYPES = YES;
				CLANG_WARN_SUSPICIOUS_MOVE = YES;
				CLANG_WARN_UNGUARDED_AVAILABILITY = YES_AGGRESSIVE;
				CLANG_WARN_UNREACHABLE_CODE = YES;
				CLANG_WARN__DUPLICATE_METHOD_MATCH = YES;
				COPY_PHASE_STRIP = NO;
				DEBUG_INFORMATION_FORMAT = "dwarf-with-dsym";
				ENABLE_NS_ASSERTIONS = NO;
				ENABLE_STRICT_OBJC_MSGSEND = YES;
				GCC_C_LANGUAGE_STANDARD = gnu11;
				GCC_NO_COMMON_BLOCKS = YES;
				GCC_WARN_64_TO_32_BIT_CONVERSION = YES;
				GCC_WARN_ABOUT_RETURN_TYPE = YES_ERROR;
				GCC_WARN_UNDECLARED_SELECTOR = YES;
				GCC_WARN_UNINITIALIZED_AUTOS = YES_AGGRESSIVE;
				GCC_WARN_UNUSED_FUNCTION = YES;
				GCC_WARN_UNUSED_VARIABLE = YES;
				IPHONEOS_DEPLOYMENT_TARGET = 14.5;
				MTL_ENABLE_DEBUG_INFO = NO;
				MTL_FAST_MATH = YES;
				SDKROOT = iphoneos;
				SWIFT_COMPILATION_MODE = wholemodule;
				SWIFT_OPTIMIZATION_LEVEL = "-O";
				VALIDATE_PRODUCT = YES;
			};
			name = Release;
		};
		A3A5A15B26EEA5CF0089AA1B /* Debug */ = {
			isa = XCBuildConfiguration;
			baseConfigurationReference = 763527BC39D87FE1BEFA699B /* Pods-teeteringFlixVer1.debug.xcconfig */;
			buildSettings = {
				ASSETCATALOG_COMPILER_APPICON_NAME = AppIcon;
				ASSETCATALOG_COMPILER_GLOBAL_ACCENT_COLOR_NAME = AccentColor;
				CODE_SIGN_STYLE = Automatic;
				INFOPLIST_FILE = teeteringFlixVer1/Info.plist;
				LD_RUNPATH_SEARCH_PATHS = (
					"$(inherited)",
					"@executable_path/Frameworks",
				);
				PRODUCT_BUNDLE_IDENTIFIER = "daniel.jms.walker-gmail.com.teeteringFlixVer1";
				PRODUCT_NAME = "$(TARGET_NAME)";
				SWIFT_VERSION = 5.0;
				TARGETED_DEVICE_FAMILY = "1,2";
			};
			name = Debug;
		};
		A3A5A15C26EEA5CF0089AA1B /* Release */ = {
			isa = XCBuildConfiguration;
			baseConfigurationReference = B61C833A8BD51E7859F8F5BB /* Pods-teeteringFlixVer1.release.xcconfig */;
			buildSettings = {
				ASSETCATALOG_COMPILER_APPICON_NAME = AppIcon;
				ASSETCATALOG_COMPILER_GLOBAL_ACCENT_COLOR_NAME = AccentColor;
				CODE_SIGN_STYLE = Automatic;
				INFOPLIST_FILE = teeteringFlixVer1/Info.plist;
				LD_RUNPATH_SEARCH_PATHS = (
					"$(inherited)",
					"@executable_path/Frameworks",
				);
				PRODUCT_BUNDLE_IDENTIFIER = "daniel.jms.walker-gmail.com.teeteringFlixVer1";
				PRODUCT_NAME = "$(TARGET_NAME)";
				SWIFT_VERSION = 5.0;
				TARGETED_DEVICE_FAMILY = "1,2";
			};
			name = Release;
		};
		A3A5A15E26EEA5CF0089AA1B /* Debug */ = {
			isa = XCBuildConfiguration;
			baseConfigurationReference = 6DCA191DAB474325A15E9CEB /* Pods-teeteringFlixVer1Tests.debug.xcconfig */;
			buildSettings = {
				ALWAYS_EMBED_SWIFT_STANDARD_LIBRARIES = YES;
				BUNDLE_LOADER = "$(TEST_HOST)";
				CODE_SIGN_STYLE = Automatic;
				INFOPLIST_FILE = teeteringFlixVer1Tests/Info.plist;
				IPHONEOS_DEPLOYMENT_TARGET = 14.5;
				LD_RUNPATH_SEARCH_PATHS = (
					"$(inherited)",
					"@executable_path/Frameworks",
					"@loader_path/Frameworks",
				);
				PRODUCT_BUNDLE_IDENTIFIER = "daniel.jms.walker-gmail.com.teeteringFlixVer1Tests";
				PRODUCT_NAME = "$(TARGET_NAME)";
				SWIFT_VERSION = 5.0;
				TARGETED_DEVICE_FAMILY = "1,2";
				TEST_HOST = "$(BUILT_PRODUCTS_DIR)/teeteringFlixVer1.app/teeteringFlixVer1";
			};
			name = Debug;
		};
		A3A5A15F26EEA5CF0089AA1B /* Release */ = {
			isa = XCBuildConfiguration;
			baseConfigurationReference = 966509B69454D21BAE3230D8 /* Pods-teeteringFlixVer1Tests.release.xcconfig */;
			buildSettings = {
				ALWAYS_EMBED_SWIFT_STANDARD_LIBRARIES = YES;
				BUNDLE_LOADER = "$(TEST_HOST)";
				CODE_SIGN_STYLE = Automatic;
				INFOPLIST_FILE = teeteringFlixVer1Tests/Info.plist;
				IPHONEOS_DEPLOYMENT_TARGET = 14.5;
				LD_RUNPATH_SEARCH_PATHS = (
					"$(inherited)",
					"@executable_path/Frameworks",
					"@loader_path/Frameworks",
				);
				PRODUCT_BUNDLE_IDENTIFIER = "daniel.jms.walker-gmail.com.teeteringFlixVer1Tests";
				PRODUCT_NAME = "$(TARGET_NAME)";
				SWIFT_VERSION = 5.0;
				TARGETED_DEVICE_FAMILY = "1,2";
				TEST_HOST = "$(BUILT_PRODUCTS_DIR)/teeteringFlixVer1.app/teeteringFlixVer1";
			};
			name = Release;
		};
		A3A5A16126EEA5CF0089AA1B /* Debug */ = {
			isa = XCBuildConfiguration;
			baseConfigurationReference = AF7285D2E2AF3C37D547F924 /* Pods-teeteringFlixVer1-teeteringFlixVer1UITests.debug.xcconfig */;
			buildSettings = {
				ALWAYS_EMBED_SWIFT_STANDARD_LIBRARIES = YES;
				CODE_SIGN_STYLE = Automatic;
				INFOPLIST_FILE = teeteringFlixVer1UITests/Info.plist;
				LD_RUNPATH_SEARCH_PATHS = (
					"$(inherited)",
					"@executable_path/Frameworks",
					"@loader_path/Frameworks",
				);
				PRODUCT_BUNDLE_IDENTIFIER = "daniel.jms.walker-gmail.com.teeteringFlixVer1UITests";
				PRODUCT_NAME = "$(TARGET_NAME)";
				SWIFT_VERSION = 5.0;
				TARGETED_DEVICE_FAMILY = "1,2";
				TEST_TARGET_NAME = teeteringFlixVer1;
			};
			name = Debug;
		};
		A3A5A16226EEA5CF0089AA1B /* Release */ = {
			isa = XCBuildConfiguration;
			baseConfigurationReference = 4C2608443986F23EE5DFAFAB /* Pods-teeteringFlixVer1-teeteringFlixVer1UITests.release.xcconfig */;
			buildSettings = {
				ALWAYS_EMBED_SWIFT_STANDARD_LIBRARIES = YES;
				CODE_SIGN_STYLE = Automatic;
				INFOPLIST_FILE = teeteringFlixVer1UITests/Info.plist;
				LD_RUNPATH_SEARCH_PATHS = (
					"$(inherited)",
					"@executable_path/Frameworks",
					"@loader_path/Frameworks",
				);
				PRODUCT_BUNDLE_IDENTIFIER = "daniel.jms.walker-gmail.com.teeteringFlixVer1UITests";
				PRODUCT_NAME = "$(TARGET_NAME)";
				SWIFT_VERSION = 5.0;
				TARGETED_DEVICE_FAMILY = "1,2";
				TEST_TARGET_NAME = teeteringFlixVer1;
			};
			name = Release;
		};
/* End XCBuildConfiguration section */

/* Begin XCConfigurationList section */
		A3A5A12B26EEA5CE0089AA1B /* Build configuration list for PBXProject "teeteringFlixVer1" */ = {
			isa = XCConfigurationList;
			buildConfigurations = (
				A3A5A15826EEA5CF0089AA1B /* Debug */,
				A3A5A15926EEA5CF0089AA1B /* Release */,
			);
			defaultConfigurationIsVisible = 0;
			defaultConfigurationName = Release;
		};
		A3A5A15A26EEA5CF0089AA1B /* Build configuration list for PBXNativeTarget "teeteringFlixVer1" */ = {
			isa = XCConfigurationList;
			buildConfigurations = (
				A3A5A15B26EEA5CF0089AA1B /* Debug */,
				A3A5A15C26EEA5CF0089AA1B /* Release */,
			);
			defaultConfigurationIsVisible = 0;
			defaultConfigurationName = Release;
		};
		A3A5A15D26EEA5CF0089AA1B /* Build configuration list for PBXNativeTarget "teeteringFlixVer1Tests" */ = {
			isa = XCConfigurationList;
			buildConfigurations = (
				A3A5A15E26EEA5CF0089AA1B /* Debug */,
				A3A5A15F26EEA5CF0089AA1B /* Release */,
			);
			defaultConfigurationIsVisible = 0;
			defaultConfigurationName = Release;
		};
		A3A5A16026EEA5CF0089AA1B /* Build configuration list for PBXNativeTarget "teeteringFlixVer1UITests" */ = {
			isa = XCConfigurationList;
			buildConfigurations = (
				A3A5A16126EEA5CF0089AA1B /* Debug */,
				A3A5A16226EEA5CF0089AA1B /* Release */,
			);
			defaultConfigurationIsVisible = 0;
			defaultConfigurationName = Release;
		};
/* End XCConfigurationList section */

/* Begin XCRemoteSwiftPackageReference section */
		A38DE88026EEE69500875C85 /* XCRemoteSwiftPackageReference "AlamofireImage" */ = {
			isa = XCRemoteSwiftPackageReference;
			repositoryURL = "https://github.com/Alamofire/AlamofireImage";
			requirement = {
				kind = upToNextMajorVersion;
				minimumVersion = 4.2.0;
			};
		};
/* End XCRemoteSwiftPackageReference section */

/* Begin XCSwiftPackageProductDependency section */
		A38DE88126EEE69500875C85 /* AlamofireImage */ = {
			isa = XCSwiftPackageProductDependency;
			package = A38DE88026EEE69500875C85 /* XCRemoteSwiftPackageReference "AlamofireImage" */;
			productName = AlamofireImage;
		};
/* End XCSwiftPackageProductDependency section */
	};
	rootObject = A3A5A12826EEA5CE0089AA1B /* Project object */;
}
